Microsoft Visual Studio Solution File, Format Version 12.00
# Visual Studio 15
VisualStudioVersion = 15.0.27004.2005
MinimumVisualStudioVersion = 10.0.40219.1
Project("{2150E333-8FDC-42A3-9474-1A3956D46DE8}") = "Common", "Common", "{83F17668-79F5-46CB-9C33-AF30F48FAAD8}"
	ProjectSection(SolutionItems) = preProject
		CONTRIBUTORS - READ ME!.txt = CONTRIBUTORS - READ ME!.txt
		FluentKey.snk = FluentKey.snk
		.nuget\NuGet.Config = .nuget\NuGet.Config
	EndProjectSection
EndProject
Project("{FAE04EC0-301F-11D3-BF4B-00C04F79EFBC}") = "FluentNHibernate", "FluentNHibernate\FluentNHibernate.csproj", "{529145D5-6CC3-4016-89B5-826563024AF1}"
EndProject
Global
	GlobalSection(SolutionConfigurationPlatforms) = preSolution
		Debug|Any CPU = Debug|Any CPU
		Debug|Mixed Platforms = Debug|Mixed Platforms
		Debug|x86 = Debug|x86
		Release|Any CPU = Release|Any CPU
		Release|Mixed Platforms = Release|Mixed Platforms
		Release|x86 = Release|x86
	EndGlobalSection
	GlobalSection(ProjectConfigurationPlatforms) = postSolution
		{529145D5-6CC3-4016-89B5-826563024AF1}.Debug|Any CPU.ActiveCfg = Debug|Any CPU
		{529145D5-6CC3-4016-89B5-826563024AF1}.Debug|Any CPU.Build.0 = Debug|Any CPU
		{529145D5-6CC3-4016-89B5-826563024AF1}.Debug|Mixed Platforms.ActiveCfg = Debug|Any CPU
		{529145D5-6CC3-4016-89B5-826563024AF1}.Debug|Mixed Platforms.Build.0 = Debug|Any CPU
		{529145D5-6CC3-4016-89B5-826563024AF1}.Debug|x86.ActiveCfg = Debug|Any CPU
		{529145D5-6CC3-4016-89B5-826563024AF1}.Release|Any CPU.ActiveCfg = Release|Any CPU
		{529145D5-6CC3-4016-89B5-826563024AF1}.Release|Any CPU.Build.0 = Release|Any CPU
		{529145D5-6CC3-4016-89B5-826563024AF1}.Release|Mixed Platforms.ActiveCfg = Release|Any CPU
		{529145D5-6CC3-4016-89B5-826563024AF1}.Release|Mixed Platforms.Build.0 = Release|Any CPU
		{529145D5-6CC3-4016-89B5-826563024AF1}.Release|x86.ActiveCfg = Release|Any CPU
	EndGlobalSection
	GlobalSection(SolutionProperties) = preSolution
		HideSolutionNode = FALSE
	EndGlobalSection
	GlobalSection(ExtensibilityGlobals) = postSolution
		SolutionGuid = {3AF7D54A-5C3A-4EB4-8A8D-E3D4CB386606}
	EndGlobalSection
EndGlobal
